
Microsoft Visual Studio Solution File, Format Version 12.00
# Visual Studio Version 17
VisualStudioVersion = 17.9.34728.123
MinimumVisualStudioVersion = 10.0.40219.1
Project("{2150E333-8FDC-42A3-9474-1A3956D46DE8}") = "Core", "Core", "{295F797E-FCB6-47EA-872F-4731CED58507}"
EndProject
Project("{2150E333-8FDC-42A3-9474-1A3956D46DE8}") = "Infrastructure", "Infrastructure", "{347B0718-3F4E-4BA4-B459-AE7C5EC85812}"
EndProject
Project("{2150E333-8FDC-42A3-9474-1A3956D46DE8}") = "Presentation", "Presentation", "{D250A60F-8360-4EF6-B16C-453256A5155D}"
EndProject
Project("{9A19103F-16F7-4668-BE54-9A1E7A4F7556}") = "Ykotika.Domain", "ykotika.Domain\Ykotika.Domain.csproj", "{FB3449F0-6756-42C3-9AB7-C5BA963B586D}"
EndProject
Project("{9A19103F-16F7-4668-BE54-9A1E7A4F7556}") = "Ykotika.Application", "ykotika.Application\Ykotika.Application.csproj", "{E4F3F9E3-C425-4580-B0A3-F8B1D25B3C0F}"
EndProject
Project("{9A19103F-16F7-4668-BE54-9A1E7A4F7556}") = "Ykotika.Persistence", "ykotika.Persistence\Ykotika.Persistence.csproj", "{A6693B42-1830-4014-927E-C4F7251448B7}"
EndProject
Project("{9A19103F-16F7-4668-BE54-9A1E7A4F7556}") = "Ykotika.WebAPI", "ykotika.WebAPI\Ykotika.WebAPI.csproj", "{A2890909-5B90-43BA-BEEB-B400AFD83E13}"
EndProject
Project("{9A19103F-16F7-4668-BE54-9A1E7A4F7556}") = "Ykotika.Security", "ykotika.Security\Ykotika.Security.csproj", "{8BE72AA7-19A1-4B88-9DF5-9648C2EF8787}"
EndProject
Global
	GlobalSection(SolutionConfigurationPlatforms) = preSolution
		Debug|Any CPU = Debug|Any CPU
		Release|Any CPU = Release|Any CPU
	EndGlobalSection
	GlobalSection(ProjectConfigurationPlatforms) = postSolution
		{FB3449F0-6756-42C3-9AB7-C5BA963B586D}.Debug|Any CPU.ActiveCfg = Debug|Any CPU
		{FB3449F0-6756-42C3-9AB7-C5BA963B586D}.Debug|Any CPU.Build.0 = Debug|Any CPU
		{FB3449F0-6756-42C3-9AB7-C5BA963B586D}.Release|Any CPU.ActiveCfg = Release|Any CPU
		{FB3449F0-6756-42C3-9AB7-C5BA963B586D}.Release|Any CPU.Build.0 = Release|Any CPU
		{E4F3F9E3-C425-4580-B0A3-F8B1D25B3C0F}.Debug|Any CPU.ActiveCfg = Debug|Any CPU
		{E4F3F9E3-C425-4580-B0A3-F8B1D25B3C0F}.Debug|Any CPU.Build.0 = Debug|Any CPU
		{E4F3F9E3-C425-4580-B0A3-F8B1D25B3C0F}.Release|Any CPU.ActiveCfg = Release|Any CPU
		{E4F3F9E3-C425-4580-B0A3-F8B1D25B3C0F}.Release|Any CPU.Build.0 = Release|Any CPU
		{A6693B42-1830-4014-927E-C4F7251448B7}.Debug|Any CPU.ActiveCfg = Debug|Any CPU
		{A6693B42-1830-4014-927E-C4F7251448B7}.Debug|Any CPU.Build.0 = Debug|Any CPU
		{A6693B42-1830-4014-927E-C4F7251448B7}.Release|Any CPU.ActiveCfg = Release|Any CPU
		{A6693B42-1830-4014-927E-C4F7251448B7}.Release|Any CPU.Build.0 = Release|Any CPU
		{A2890909-5B90-43BA-BEEB-B400AFD83E13}.Debug|Any CPU.ActiveCfg = Debug|Any CPU
		{A2890909-5B90-43BA-BEEB-B400AFD83E13}.Debug|Any CPU.Build.0 = Debug|Any CPU
		{A2890909-5B90-43BA-BEEB-B400AFD83E13}.Release|Any CPU.ActiveCfg = Release|Any CPU
		{A2890909-5B90-43BA-BEEB-B400AFD83E13}.Release|Any CPU.Build.0 = Release|Any CPU
		{8BE72AA7-19A1-4B88-9DF5-9648C2EF8787}.Debug|Any CPU.ActiveCfg = Debug|Any CPU
		{8BE72AA7-19A1-4B88-9DF5-9648C2EF8787}.Debug|Any CPU.Build.0 = Debug|Any CPU
		{8BE72AA7-19A1-4B88-9DF5-9648C2EF8787}.Release|Any CPU.ActiveCfg = Release|Any CPU
		{8BE72AA7-19A1-4B88-9DF5-9648C2EF8787}.Release|Any CPU.Build.0 = Release|Any CPU
	EndGlobalSection
	GlobalSection(SolutionProperties) = preSolution
		HideSolutionNode = FALSE
	EndGlobalSection
	GlobalSection(NestedProjects) = preSolution
		{FB3449F0-6756-42C3-9AB7-C5BA963B586D} = {295F797E-FCB6-47EA-872F-4731CED58507}
		{E4F3F9E3-C425-4580-B0A3-F8B1D25B3C0F} = {295F797E-FCB6-47EA-872F-4731CED58507}
		{A6693B42-1830-4014-927E-C4F7251448B7} = {347B0718-3F4E-4BA4-B459-AE7C5EC85812}
		{A2890909-5B90-43BA-BEEB-B400AFD83E13} = {D250A60F-8360-4EF6-B16C-453256A5155D}
		{8BE72AA7-19A1-4B88-9DF5-9648C2EF8787} = {347B0718-3F4E-4BA4-B459-AE7C5EC85812}
	EndGlobalSection
	GlobalSection(ExtensibilityGlobals) = postSolution
		SolutionGuid = {1B65365D-0009-4535-A2CB-DD7BF7D427EA}
	EndGlobalSection
EndGlobal
